
Microsoft Visual Studio Solution File, Format Version 12.00
# Visual Studio Version 17
VisualStudioVersion = 17.6.33712.159
MinimumVisualStudioVersion = 10.0.40219.1
Project("{FAE04EC0-301F-11D3-BF4B-00C04F79EFBC}") = "APITests", "APITests\APITests.csproj", "{A6499465-E56F-47CC-B89A-7C0490C199EA}"
EndProject
Project("{FAE04EC0-301F-11D3-BF4B-00C04F79EFBC}") = "ReqResAPI", "ClassLibrary1\ReqResAPI.csproj", "{FAD93FA5-1B7C-4C8C-A4E9-67E7BECDE514}"
EndProject
Global
	GlobalSection(SolutionConfigurationPlatforms) = preSolution
		Debug|Any CPU = Debug|Any CPU
		Release|Any CPU = Release|Any CPU
	EndGlobalSection
	GlobalSection(ProjectConfigurationPlatforms) = postSolution
		{A6499465-E56F-47CC-B89A-7C0490C199EA}.Debug|Any CPU.ActiveCfg = Debug|Any CPU
		{A6499465-E56F-47CC-B89A-7C0490C199EA}.Debug|Any CPU.Build.0 = Debug|Any CPU
		{A6499465-E56F-47CC-B89A-7C0490C199EA}.Release|Any CPU.ActiveCfg = Release|Any CPU
		{A6499465-E56F-47CC-B89A-7C0490C199EA}.Release|Any CPU.Build.0 = Release|Any CPU
		{FAD93FA5-1B7C-4C8C-A4E9-67E7BECDE514}.Debug|Any CPU.ActiveCfg = Debug|Any CPU
		{FAD93FA5-1B7C-4C8C-A4E9-67E7BECDE514}.Debug|Any CPU.Build.0 = Debug|Any CPU
		{FAD93FA5-1B7C-4C8C-A4E9-67E7BECDE514}.Release|Any CPU.ActiveCfg = Release|Any CPU
		{FAD93FA5-1B7C-4C8C-A4E9-67E7BECDE514}.Release|Any CPU.Build.0 = Release|Any CPU
	EndGlobalSection
	GlobalSection(SolutionProperties) = preSolution
		HideSolutionNode = FALSE
	EndGlobalSection
	GlobalSection(ExtensibilityGlobals) = postSolution
		SolutionGuid = {067F2CED-562A-4E11-B5A7-E7D0880E373D}
	EndGlobalSection
EndGlobal
